
Microsoft Visual Studio Solution File, Format Version 12.00
Project("{FAE04EC0-301F-11D3-BF4B-00C04F79EFBC}") = "BehaviorTracker.Client", "BehaviorTracker.Client\BehaviorTracker.Client.csproj", "{9FD4EC02-5F06-4A10-B983-40147E0AA261}"
EndProject
Project("{FAE04EC0-301F-11D3-BF4B-00C04F79EFBC}") = "BehaviorTracker.Server", "BehaviorTracker.Server\BehaviorTracker.Server.csproj", "{786A373A-4227-48CB-8396-38F3BB9D2B48}"
EndProject
Project("{FAE04EC0-301F-11D3-BF4B-00C04F79EFBC}") = "BehaviorTracker.Shared", "BehaviorTracker.Shared\BehaviorTracker.Shared.csproj", "{D805217D-FCF7-4890-9753-41D5841A64E3}"
EndProject
Global
	GlobalSection(SolutionConfigurationPlatforms) = preSolution
		Debug|Any CPU = Debug|Any CPU
		Release|Any CPU = Release|Any CPU
	EndGlobalSection
	GlobalSection(ProjectConfigurationPlatforms) = postSolution
		{9FD4EC02-5F06-4A10-B983-40147E0AA261}.Debug|Any CPU.ActiveCfg = Debug|Any CPU
		{9FD4EC02-5F06-4A10-B983-40147E0AA261}.Debug|Any CPU.Build.0 = Debug|Any CPU
		{9FD4EC02-5F06-4A10-B983-40147E0AA261}.Release|Any CPU.ActiveCfg = Release|Any CPU
		{9FD4EC02-5F06-4A10-B983-40147E0AA261}.Release|Any CPU.Build.0 = Release|Any CPU
		{786A373A-4227-48CB-8396-38F3BB9D2B48}.Debug|Any CPU.ActiveCfg = Debug|Any CPU
		{786A373A-4227-48CB-8396-38F3BB9D2B48}.Debug|Any CPU.Build.0 = Debug|Any CPU
		{786A373A-4227-48CB-8396-38F3BB9D2B48}.Release|Any CPU.ActiveCfg = Release|Any CPU
		{786A373A-4227-48CB-8396-38F3BB9D2B48}.Release|Any CPU.Build.0 = Release|Any CPU
		{D805217D-FCF7-4890-9753-41D5841A64E3}.Debug|Any CPU.ActiveCfg = Debug|Any CPU
		{D805217D-FCF7-4890-9753-41D5841A64E3}.Debug|Any CPU.Build.0 = Debug|Any CPU
		{D805217D-FCF7-4890-9753-41D5841A64E3}.Release|Any CPU.ActiveCfg = Release|Any CPU
		{D805217D-FCF7-4890-9753-41D5841A64E3}.Release|Any CPU.Build.0 = Release|Any CPU
	EndGlobalSection
EndGlobal
